
Microsoft Visual Studio Solution File, Format Version 12.00
# Visual Studio Version 17
VisualStudioVersion = 17.10.35027.167
MinimumVisualStudioVersion = 10.0.40219.1
Project("{FAE04EC0-301F-11D3-BF4B-00C04F79EFBC}") = "BWT", "BWT\BWT.csproj", "{AF581832-328B-49DC-978C-D369ABEC25FA}"
EndProject
Project("{FAE04EC0-301F-11D3-BF4B-00C04F79EFBC}") = "BWTTests", "BWTTests\BWTTests.csproj", "{587C8F10-EED9-4751-B313-B6F41C3EF838}"
EndProject
Global
	GlobalSection(SolutionConfigurationPlatforms) = preSolution
		Debug|Any CPU = Debug|Any CPU
		Release|Any CPU = Release|Any CPU
	EndGlobalSection
	GlobalSection(ProjectConfigurationPlatforms) = postSolution
		{AF581832-328B-49DC-978C-D369ABEC25FA}.Debug|Any CPU.ActiveCfg = Debug|Any CPU
		{AF581832-328B-49DC-978C-D369ABEC25FA}.Debug|Any CPU.Build.0 = Debug|Any CPU
		{AF581832-328B-49DC-978C-D369ABEC25FA}.Release|Any CPU.ActiveCfg = Release|Any CPU
		{AF581832-328B-49DC-978C-D369ABEC25FA}.Release|Any CPU.Build.0 = Release|Any CPU
		{587C8F10-EED9-4751-B313-B6F41C3EF838}.Debug|Any CPU.ActiveCfg = Debug|Any CPU
		{587C8F10-EED9-4751-B313-B6F41C3EF838}.Debug|Any CPU.Build.0 = Debug|Any CPU
		{587C8F10-EED9-4751-B313-B6F41C3EF838}.Release|Any CPU.ActiveCfg = Release|Any CPU
		{587C8F10-EED9-4751-B313-B6F41C3EF838}.Release|Any CPU.Build.0 = Release|Any CPU
	EndGlobalSection
	GlobalSection(SolutionProperties) = preSolution
		HideSolutionNode = FALSE
	EndGlobalSection
	GlobalSection(ExtensibilityGlobals) = postSolution
		SolutionGuid = {68A30913-E780-486F-AB98-04E9391C5EA9}
	EndGlobalSection
EndGlobal
